
Microsoft Visual Studio Solution File, Format Version 12.00
# Visual Studio 14
VisualStudioVersion = 14.0.25420.1
MinimumVisualStudioVersion = 10.0.40219.1
Project("{FAE04EC0-301F-11D3-BF4B-00C04F79EFBC}") = "SquareCalculator", "SquareCalculator\SquareCalculator.csproj", "{7B7DD5C0-56BD-4D6F-87C0-187E74E02A04}"
EndProject
Project("{FAE04EC0-301F-11D3-BF4B-00C04F79EFBC}") = "Figure", "Figure\Figure.csproj", "{0B64EBF2-43D4-438D-A869-E4A3248B953D}"
EndProject
Project("{FAE04EC0-301F-11D3-BF4B-00C04F79EFBC}") = "SquareCalculatorTests", "SquareCalculatorTests\SquareCalculatorTests.csproj", "{F1445E1B-C667-4784-B55E-A840D329A2F6}"
EndProject
Global
	GlobalSection(SolutionConfigurationPlatforms) = preSolution
		Debug|Any CPU = Debug|Any CPU
		Release|Any CPU = Release|Any CPU
	EndGlobalSection
	GlobalSection(ProjectConfigurationPlatforms) = postSolution
		{7B7DD5C0-56BD-4D6F-87C0-187E74E02A04}.Debug|Any CPU.ActiveCfg = Debug|Any CPU
		{7B7DD5C0-56BD-4D6F-87C0-187E74E02A04}.Debug|Any CPU.Build.0 = Debug|Any CPU
		{7B7DD5C0-56BD-4D6F-87C0-187E74E02A04}.Release|Any CPU.ActiveCfg = Release|Any CPU
		{7B7DD5C0-56BD-4D6F-87C0-187E74E02A04}.Release|Any CPU.Build.0 = Release|Any CPU
		{0B64EBF2-43D4-438D-A869-E4A3248B953D}.Debug|Any CPU.ActiveCfg = Debug|Any CPU
		{0B64EBF2-43D4-438D-A869-E4A3248B953D}.Debug|Any CPU.Build.0 = Debug|Any CPU
		{0B64EBF2-43D4-438D-A869-E4A3248B953D}.Release|Any CPU.ActiveCfg = Release|Any CPU
		{0B64EBF2-43D4-438D-A869-E4A3248B953D}.Release|Any CPU.Build.0 = Release|Any CPU
		{F1445E1B-C667-4784-B55E-A840D329A2F6}.Debug|Any CPU.ActiveCfg = Debug|Any CPU
		{F1445E1B-C667-4784-B55E-A840D329A2F6}.Debug|Any CPU.Build.0 = Debug|Any CPU
		{F1445E1B-C667-4784-B55E-A840D329A2F6}.Release|Any CPU.ActiveCfg = Release|Any CPU
		{F1445E1B-C667-4784-B55E-A840D329A2F6}.Release|Any CPU.Build.0 = Release|Any CPU
	EndGlobalSection
	GlobalSection(SolutionProperties) = preSolution
		HideSolutionNode = FALSE
	EndGlobalSection
EndGlobal
